
Microsoft Visual Studio Solution File, Format Version 12.00
# Visual Studio Version 16
VisualStudioVersion = 16.0.31624.102
MinimumVisualStudioVersion = 10.0.40219.1
Project("{FAE04EC0-301F-11D3-BF4B-00C04F79EFBC}") = "GUI-ver2", "GUI-ver2\GUI-ver2.csproj", "{98230AF8-1B95-4BA0-8CFD-DC5E28D4FFEB}"
EndProject
Global
	GlobalSection(SolutionConfigurationPlatforms) = preSolution
		Debug|Any CPU = Debug|Any CPU
		Release|Any CPU = Release|Any CPU
	EndGlobalSection
	GlobalSection(ProjectConfigurationPlatforms) = postSolution
		{98230AF8-1B95-4BA0-8CFD-DC5E28D4FFEB}.Debug|Any CPU.ActiveCfg = Debug|Any CPU
		{98230AF8-1B95-4BA0-8CFD-DC5E28D4FFEB}.Debug|Any CPU.Build.0 = Debug|Any CPU
		{98230AF8-1B95-4BA0-8CFD-DC5E28D4FFEB}.Release|Any CPU.ActiveCfg = Release|Any CPU
		{98230AF8-1B95-4BA0-8CFD-DC5E28D4FFEB}.Release|Any CPU.Build.0 = Release|Any CPU
	EndGlobalSection
	GlobalSection(SolutionProperties) = preSolution
		HideSolutionNode = FALSE
	EndGlobalSection
	GlobalSection(ExtensibilityGlobals) = postSolution
		SolutionGuid = {7DC3D7AE-FE8A-4A17-8F3F-2A6F3A631E66}
	EndGlobalSection
EndGlobal
